
Microsoft Visual Studio Solution File, Format Version 12.00
# Visual Studio 2013
VisualStudioVersion = 12.0.31101.0
MinimumVisualStudioVersion = 10.0.40219.1
Project("{FAE04EC0-301F-11D3-BF4B-00C04F79EFBC}") = "bcast.server", "bcast.server\bcast.server.csproj", "{854019B5-F91C-4D90-84E2-34DD73CE2348}"
EndProject
Project("{FAE04EC0-301F-11D3-BF4B-00C04F79EFBC}") = "bcast.server.Tests", "bcast.server.Tests\bcast.server.Tests.csproj", "{907D7F4B-F4B2-4A0C-9239-98FBE1E09F90}"
EndProject
Project("{FAE04EC0-301F-11D3-BF4B-00C04F79EFBC}") = "bcast.common", "bcast.common\bcast.common.csproj", "{FE05CA6E-E221-4C12-80D4-8D889112AE35}"
EndProject
Project("{FAE04EC0-301F-11D3-BF4B-00C04F79EFBC}") = "bcast.data.sqlserver", "bcast.data.sqlserver\bcast.data.sqlserver.csproj", "{C97BA48B-3DD7-4096-A7DD-F2E8B5930181}"
EndProject
Project("{FAE04EC0-301F-11D3-BF4B-00C04F79EFBC}") = "zztestbed", "zztestbed\zztestbed.csproj", "{ED812DDA-0130-4570-8B41-26E0C2230499}"
EndProject
Project("{FAE04EC0-301F-11D3-BF4B-00C04F79EFBC}") = "bcast.web", "bcast.web\bcast.web.csproj", "{C500F167-BF02-41DC-AB0E-9659808BD1DD}"
EndProject
Project("{FAE04EC0-301F-11D3-BF4B-00C04F79EFBC}") = "bcast.web.Tests", "bcast.web.Tests\bcast.web.Tests.csproj", "{B80B7E31-C8BF-4659-B7E4-8536B2AE5CCE}"
EndProject
Project("{FAE04EC0-301F-11D3-BF4B-00C04F79EFBC}") = "bcast.log4net", "bcast.log4net\bcast.log4net.csproj", "{707A410A-70E5-48AF-9FA0-1DC9DB7B48AA}"
EndProject
Project("{FAE04EC0-301F-11D3-BF4B-00C04F79EFBC}") = "bcast.auth", "bcast.auth\bcast.auth.csproj", "{82D25CCF-8E56-42B4-A26F-1385E0FC45F1}"
EndProject
Project("{FAE04EC0-301F-11D3-BF4B-00C04F79EFBC}") = "bcast.auth.Tests", "bcast.auth.Tests\bcast.auth.Tests.csproj", "{8BFFB08B-FEC8-4964-B94F-039B6BEC8EAC}"
EndProject
Project("{FAE04EC0-301F-11D3-BF4B-00C04F79EFBC}") = "bcast.authclient", "bcast.authclient\bcast.authclient.csproj", "{AD51A76B-B373-41E5-85CF-F8858A31E941}"
EndProject
Global
	GlobalSection(SolutionConfigurationPlatforms) = preSolution
		Debug|Any CPU = Debug|Any CPU
		Release|Any CPU = Release|Any CPU
	EndGlobalSection
	GlobalSection(ProjectConfigurationPlatforms) = postSolution
		{854019B5-F91C-4D90-84E2-34DD73CE2348}.Debug|Any CPU.ActiveCfg = Debug|Any CPU
		{854019B5-F91C-4D90-84E2-34DD73CE2348}.Debug|Any CPU.Build.0 = Debug|Any CPU
		{854019B5-F91C-4D90-84E2-34DD73CE2348}.Release|Any CPU.ActiveCfg = Release|Any CPU
		{854019B5-F91C-4D90-84E2-34DD73CE2348}.Release|Any CPU.Build.0 = Release|Any CPU
		{907D7F4B-F4B2-4A0C-9239-98FBE1E09F90}.Debug|Any CPU.ActiveCfg = Debug|Any CPU
		{907D7F4B-F4B2-4A0C-9239-98FBE1E09F90}.Debug|Any CPU.Build.0 = Debug|Any CPU
		{907D7F4B-F4B2-4A0C-9239-98FBE1E09F90}.Release|Any CPU.ActiveCfg = Release|Any CPU
		{907D7F4B-F4B2-4A0C-9239-98FBE1E09F90}.Release|Any CPU.Build.0 = Release|Any CPU
		{FE05CA6E-E221-4C12-80D4-8D889112AE35}.Debug|Any CPU.ActiveCfg = Debug|Any CPU
		{FE05CA6E-E221-4C12-80D4-8D889112AE35}.Debug|Any CPU.Build.0 = Debug|Any CPU
		{FE05CA6E-E221-4C12-80D4-8D889112AE35}.Release|Any CPU.ActiveCfg = Release|Any CPU
		{FE05CA6E-E221-4C12-80D4-8D889112AE35}.Release|Any CPU.Build.0 = Release|Any CPU
		{C97BA48B-3DD7-4096-A7DD-F2E8B5930181}.Debug|Any CPU.ActiveCfg = Debug|Any CPU
		{C97BA48B-3DD7-4096-A7DD-F2E8B5930181}.Debug|Any CPU.Build.0 = Debug|Any CPU
		{C97BA48B-3DD7-4096-A7DD-F2E8B5930181}.Release|Any CPU.ActiveCfg = Release|Any CPU
		{C97BA48B-3DD7-4096-A7DD-F2E8B5930181}.Release|Any CPU.Build.0 = Release|Any CPU
		{ED812DDA-0130-4570-8B41-26E0C2230499}.Debug|Any CPU.ActiveCfg = Debug|Any CPU
		{ED812DDA-0130-4570-8B41-26E0C2230499}.Debug|Any CPU.Build.0 = Debug|Any CPU
		{ED812DDA-0130-4570-8B41-26E0C2230499}.Release|Any CPU.ActiveCfg = Release|Any CPU
		{ED812DDA-0130-4570-8B41-26E0C2230499}.Release|Any CPU.Build.0 = Release|Any CPU
		{C500F167-BF02-41DC-AB0E-9659808BD1DD}.Debug|Any CPU.ActiveCfg = Debug|Any CPU
		{C500F167-BF02-41DC-AB0E-9659808BD1DD}.Debug|Any CPU.Build.0 = Debug|Any CPU
		{C500F167-BF02-41DC-AB0E-9659808BD1DD}.Release|Any CPU.ActiveCfg = Release|Any CPU
		{C500F167-BF02-41DC-AB0E-9659808BD1DD}.Release|Any CPU.Build.0 = Release|Any CPU
		{B80B7E31-C8BF-4659-B7E4-8536B2AE5CCE}.Debug|Any CPU.ActiveCfg = Debug|Any CPU
		{B80B7E31-C8BF-4659-B7E4-8536B2AE5CCE}.Debug|Any CPU.Build.0 = Debug|Any CPU
		{B80B7E31-C8BF-4659-B7E4-8536B2AE5CCE}.Release|Any CPU.ActiveCfg = Release|Any CPU
		{B80B7E31-C8BF-4659-B7E4-8536B2AE5CCE}.Release|Any CPU.Build.0 = Release|Any CPU
		{707A410A-70E5-48AF-9FA0-1DC9DB7B48AA}.Debug|Any CPU.ActiveCfg = Debug|Any CPU
		{707A410A-70E5-48AF-9FA0-1DC9DB7B48AA}.Debug|Any CPU.Build.0 = Debug|Any CPU
		{707A410A-70E5-48AF-9FA0-1DC9DB7B48AA}.Release|Any CPU.ActiveCfg = Release|Any CPU
		{707A410A-70E5-48AF-9FA0-1DC9DB7B48AA}.Release|Any CPU.Build.0 = Release|Any CPU
		{82D25CCF-8E56-42B4-A26F-1385E0FC45F1}.Debug|Any CPU.ActiveCfg = Debug|Any CPU
		{82D25CCF-8E56-42B4-A26F-1385E0FC45F1}.Debug|Any CPU.Build.0 = Debug|Any CPU
		{82D25CCF-8E56-42B4-A26F-1385E0FC45F1}.Release|Any CPU.ActiveCfg = Release|Any CPU
		{82D25CCF-8E56-42B4-A26F-1385E0FC45F1}.Release|Any CPU.Build.0 = Release|Any CPU
		{8BFFB08B-FEC8-4964-B94F-039B6BEC8EAC}.Debug|Any CPU.ActiveCfg = Debug|Any CPU
		{8BFFB08B-FEC8-4964-B94F-039B6BEC8EAC}.Debug|Any CPU.Build.0 = Debug|Any CPU
		{8BFFB08B-FEC8-4964-B94F-039B6BEC8EAC}.Release|Any CPU.ActiveCfg = Release|Any CPU
		{8BFFB08B-FEC8-4964-B94F-039B6BEC8EAC}.Release|Any CPU.Build.0 = Release|Any CPU
		{AD51A76B-B373-41E5-85CF-F8858A31E941}.Debug|Any CPU.ActiveCfg = Debug|Any CPU
		{AD51A76B-B373-41E5-85CF-F8858A31E941}.Debug|Any CPU.Build.0 = Debug|Any CPU
		{AD51A76B-B373-41E5-85CF-F8858A31E941}.Release|Any CPU.ActiveCfg = Release|Any CPU
		{AD51A76B-B373-41E5-85CF-F8858A31E941}.Release|Any CPU.Build.0 = Release|Any CPU
	EndGlobalSection
	GlobalSection(SolutionProperties) = preSolution
		HideSolutionNode = FALSE
	EndGlobalSection
EndGlobal
